
Microsoft Visual Studio Solution File, Format Version 12.00
# Visual Studio Version 17
VisualStudioVersion = 17.8.34330.188
MinimumVisualStudioVersion = 10.0.40219.1
Project("{FAE04EC0-301F-11D3-BF4B-00C04F79EFBC}") = "ChristmasJester", "ChristmasJester\ChristmasJester.csproj", "{FE94C053-1C3C-4F8B-94FE-77F086D76E81}"
EndProject
Global
	GlobalSection(SolutionConfigurationPlatforms) = preSolution
		Debug|Any CPU = Debug|Any CPU
		Release|Any CPU = Release|Any CPU
	EndGlobalSection
	GlobalSection(ProjectConfigurationPlatforms) = postSolution
		{FE94C053-1C3C-4F8B-94FE-77F086D76E81}.Debug|Any CPU.ActiveCfg = Debug|Any CPU
		{FE94C053-1C3C-4F8B-94FE-77F086D76E81}.Debug|Any CPU.Build.0 = Debug|Any CPU
		{FE94C053-1C3C-4F8B-94FE-77F086D76E81}.Release|Any CPU.ActiveCfg = Release|Any CPU
		{FE94C053-1C3C-4F8B-94FE-77F086D76E81}.Release|Any CPU.Build.0 = Release|Any CPU
	EndGlobalSection
	GlobalSection(SolutionProperties) = preSolution
		HideSolutionNode = FALSE
	EndGlobalSection
	GlobalSection(ExtensibilityGlobals) = postSolution
		SolutionGuid = {8D393932-C248-4B70-9B71-9D153BE76D95}
	EndGlobalSection
EndGlobal
